<?xml version="1.0" encoding="utf-8"?>
<Project ToolsVersion="4.0" xmlns="http://schemas.microsoft.com/developer/msbuild/2003">
  <ItemGroup>
    <Filter Include="Header Files">
      <UniqueIdentifier>{7e61da10-cb2c-4be1-8e77-7b26a921438f}</UniqueIdentifier>
    </Filter>
    <Filter Include="Source Files">
      <UniqueIdentifier>{4ea33114-b0d8-489f-a4bd-2c5ccb28f6a0}</UniqueIdentifier>
    </Filter>
    <Filter Include="Tools">
      <UniqueIdentifier>{0ccaaaf9-6a9e-4f08-b431-43a609b25743}</UniqueIdentifier>
    </Filter>
  </ItemGroup>
  <ItemGroup>
    <ClInclude Include="include\audio.h">
      <Filter>Header Files</Filter>
    </ClInclude>
    <ClInclude Include="include\ai.h">
      <Filter>Header Files</Filter>
    </ClInclude>
    <ClInclude Include="include\common.h">
      <Filter>Header Files</Filter>
    </ClInclude>
    <ClInclude Include="include\game.h">
      <Filter>Header Files</Filter>
    </ClInclude>
    <ClInclude Include="include\input.h">
      <Filter>Header Files</Filter>
    </ClInclude>
    <ClInclude Include="include\render.h">
      <Filter>Header Files</Filter>
    </ClInclude>
    <ClInclude Include="include\ui.h">
      <Filter>Header Files</Filter>
    </ClInclude>
  </ItemGroup>
  <ItemGroup>
    <ClCompile Include="src\audio.c">
      <Filter>Source Files</Filter>
    </ClCompile>
    <ClCompile Include="src\ai.c">
      <Filter>Source Files</Filter>
    </ClCompile>
    <ClCompile Include="src\common.c">
      <Filter>Source Files</Filter>
    </ClCompile>
    <ClCompile Include="src\game.c">
      <Filter>Source Files</Filter>
    </ClCompile>
    <ClCompile Include="src\input.c">
      <Filter>Source Files</Filter>
    </ClCompile>
    <ClCompile Include="src\main.c">
      <Filter>Source Files</Filter>
    </ClCompile>
    <ClCompile Include="src\render_easyx.c">
      <Filter>Source Files</Filter>
    </ClCompile>
    <ClCompile Include="src\ui.c">
      <Filter>Source Files</Filter>
    </ClCompile>
  </ItemGroup>
  <ItemGroup>
    <None Include="tools\build_design_doc.py">
      <Filter>Tools</Filter>
    </None>
    <None Include="tools\generate_audio.py">
      <Filter>Tools</Filter>
    </None>
    <None Include="tools\generate_assets.py">
      <Filter>Tools</Filter>
    </None>
  </ItemGroup>
</Project>
